
Microsoft Visual Studio Solution File, Format Version 12.00
# Visual Studio Version 17
VisualStudioVersion = 17.11.35312.102
MinimumVisualStudioVersion = 10.0.40219.1
Project("{FAE04EC0-301F-11D3-BF4B-00C04F79EFBC}") = "vexemphim", "vexemphim\vexemphim.csproj", "{37697DDF-CCD7-42B3-9931-2E5B1FF7590A}"
EndProject
Global
	GlobalSection(SolutionConfigurationPlatforms) = preSolution
		Debug|Any CPU = Debug|Any CPU
		Release|Any CPU = Release|Any CPU
	EndGlobalSection
	GlobalSection(ProjectConfigurationPlatforms) = postSolution
		{37697DDF-CCD7-42B3-9931-2E5B1FF7590A}.Debug|Any CPU.ActiveCfg = Debug|Any CPU
		{37697DDF-CCD7-42B3-9931-2E5B1FF7590A}.Debug|Any CPU.Build.0 = Debug|Any CPU
		{37697DDF-CCD7-42B3-9931-2E5B1FF7590A}.Release|Any CPU.ActiveCfg = Release|Any CPU
		{37697DDF-CCD7-42B3-9931-2E5B1FF7590A}.Release|Any CPU.Build.0 = Release|Any CPU
	EndGlobalSection
	GlobalSection(SolutionProperties) = preSolution
		HideSolutionNode = FALSE
	EndGlobalSection
	GlobalSection(ExtensibilityGlobals) = postSolution
		SolutionGuid = {9D1B78B0-3C2E-4AA2-9704-ECA437825AAA}
	EndGlobalSection
EndGlobal
